
Microsoft Visual Studio Solution File, Format Version 12.00
# Visual Studio Version 17
VisualStudioVersion = 17.9.34728.123
MinimumVisualStudioVersion = 10.0.40219.1
Project("{8BC9CEB8-8B4A-11D0-8D11-00A0C91BC942}") = "rock_paper_scissors", "rock_paper_scissors\rock_paper_scissors.vcxproj", "{859F473F-43D4-44A7-8BF3-36B3D1B2865D}"
EndProject
Global
	GlobalSection(SolutionConfigurationPlatforms) = preSolution
		Debug|x64 = Debug|x64
		Debug|x86 = Debug|x86
		Release|x64 = Release|x64
		Release|x86 = Release|x86
	EndGlobalSection
	GlobalSection(ProjectConfigurationPlatforms) = postSolution
		{859F473F-43D4-44A7-8BF3-36B3D1B2865D}.Debug|x64.ActiveCfg = Debug|x64
		{859F473F-43D4-44A7-8BF3-36B3D1B2865D}.Debug|x64.Build.0 = Debug|x64
		{859F473F-43D4-44A7-8BF3-36B3D1B2865D}.Debug|x86.ActiveCfg = Debug|Win32
		{859F473F-43D4-44A7-8BF3-36B3D1B2865D}.Debug|x86.Build.0 = Debug|Win32
		{859F473F-43D4-44A7-8BF3-36B3D1B2865D}.Release|x64.ActiveCfg = Release|x64
		{859F473F-43D4-44A7-8BF3-36B3D1B2865D}.Release|x64.Build.0 = Release|x64
		{859F473F-43D4-44A7-8BF3-36B3D1B2865D}.Release|x86.ActiveCfg = Release|Win32
		{859F473F-43D4-44A7-8BF3-36B3D1B2865D}.Release|x86.Build.0 = Release|Win32
	EndGlobalSection
	GlobalSection(SolutionProperties) = preSolution
		HideSolutionNode = FALSE
	EndGlobalSection
	GlobalSection(ExtensibilityGlobals) = postSolution
		SolutionGuid = {EA089B5E-E080-4632-B50F-E19814A4C3DC}
	EndGlobalSection
EndGlobal
